{
    "name": "js-lambda",
    "version": "1.0.0",
    "lockfileVersion": 3,
    "requires": true,
    "packages": {
        "": {
            "name": "js-lambda",
            "version": "1.0.0",
            "license": "ISC",
            "dependencies": {
                "voca": "^1.4.0"
            },
            "devDependencies": {
                "@types/voca": "^1.4.6"
            }
        },
        "node_modules/@types/voca": {
            "version": "1.4.6",
            "resolved": "https://registry.npmjs.org/@types/voca/-/voca-1.4.6.tgz",
            "integrity": "sha512-ubfCfFxlTOhBBUP2v8lzD8AQVKKu9erZ2t9/8hLpuYHYib3CM/lOwTII3mi527j5UeRDaVjIiAx+iTIWgVCWKQ==",
            "dev": true,
            "license": "MIT"
        },
        "node_modules/voca": {
            "version": "1.4.1",
            "resolved": "https://registry.npmjs.org/voca/-/voca-1.4.1.tgz",
            "integrity": "sha512-NJC/BzESaHT1p4B5k4JykxedeltmNbau4cummStd4RjFojgq/kLew5TzYge9N2geeWyI2w8T30wUET5v+F7ZHA==",
            "license": "MIT"
        }
    }
}
